<?xml version="1.0" encoding="utf-8"?>
<Project ToolsVersion="4.0" xmlns="http://schemas.microsoft.com/developer/msbuild/2003">
  <ItemGroup>
    <Filter Include="00_Main">
      <UniqueIdentifier>{1c420ca0-d6ae-42ad-a026-2b9f5acf4b57}</UniqueIdentifier>
    </Filter>
    <Filter Include="01_LoginServer">
      <UniqueIdentifier>{6c5ba885-dc9d-4b3d-aad6-6cec63a12abd}</UniqueIdentifier>
    </Filter>
    <Filter Include="02_MonitorClient">
      <UniqueIdentifier>{517f1c8e-71f2-4989-a91a-20afffc2fea1}</UniqueIdentifier>
    </Filter>
    <Filter Include="03_Utils">
      <UniqueIdentifier>{86f2cced-7713-447f-a7a6-0d04b4f52478}</UniqueIdentifier>
    </Filter>
  </ItemGroup>
  <ItemGroup>
    <ClCompile Include="00_Main\main.cpp">
      <Filter>00_Main</Filter>
    </ClCompile>
    <ClCompile Include="pch.cpp">
      <Filter>00_Main</Filter>
    </ClCompile>
    <ClCompile Include="01_LoginServer\AuthServer.cpp">
      <Filter>01_LoginServer</Filter>
    </ClCompile>
    <ClCompile Include="01_LoginServer\LoginServer.cpp">
      <Filter>01_LoginServer</Filter>
    </ClCompile>
    <ClCompile Include="02_MonitorClient\MonitorClient.cpp">
      <Filter>02_MonitorClient</Filter>
    </ClCompile>
    <ClCompile Include="03_Utils\SqlUtils.cpp">
      <Filter>03_Utils</Filter>
    </ClCompile>
    <ClCompile Include="03_Utils\RedisUtils.cpp">
      <Filter>03_Utils</Filter>
    </ClCompile>
  </ItemGroup>
  <ItemGroup>
    <ClInclude Include="00_Main\LoginConfig.h">
      <Filter>00_Main</Filter>
    </ClInclude>
    <ClInclude Include="00_Main\LoginProtocol.h">
      <Filter>00_Main</Filter>
    </ClInclude>
    <ClInclude Include="pch.h">
      <Filter>00_Main</Filter>
    </ClInclude>
    <ClInclude Include="01_LoginServer\LoginServer.h">
      <Filter>01_LoginServer</Filter>
    </ClInclude>
    <ClInclude Include="01_LoginServer\AuthServer.h">
      <Filter>01_LoginServer</Filter>
    </ClInclude>
    <ClInclude Include="02_MonitorClient\MonitorClient.h">
      <Filter>02_MonitorClient</Filter>
    </ClInclude>
    <ClInclude Include="03_Utils\SqlUtils.h">
      <Filter>03_Utils</Filter>
    </ClInclude>
    <ClInclude Include="03_Utils\RedisUtils.h">
      <Filter>03_Utils</Filter>
    </ClInclude>
    <ClInclude Include="LoginValues.h">
      <Filter>00_Main</Filter>
    </ClInclude>
  </ItemGroup>
  <ItemGroup>
    <None Include="00_Main\LoginServer.cnf">
      <Filter>00_Main</Filter>
    </None>
    <None Include="00_Main\DBServer.cnf">
      <Filter>00_Main</Filter>
    </None>
  </ItemGroup>
</Project>